
Microsoft Visual Studio Solution File, Format Version 12.00
# Visual Studio Version 17
VisualStudioVersion = 17.3.32929.385
MinimumVisualStudioVersion = 10.0.40219.1
Project("{FAE04EC0-301F-11D3-BF4B-00C04F79EFBC}") = "patnactka", "patnactka\patnactka.csproj", "{8C46901D-F6EA-479D-AF7B-11FD87D94B70}"
EndProject
Global
	GlobalSection(SolutionConfigurationPlatforms) = preSolution
		Debug|Any CPU = Debug|Any CPU
		Release|Any CPU = Release|Any CPU
	EndGlobalSection
	GlobalSection(ProjectConfigurationPlatforms) = postSolution
		{8C46901D-F6EA-479D-AF7B-11FD87D94B70}.Debug|Any CPU.ActiveCfg = Debug|Any CPU
		{8C46901D-F6EA-479D-AF7B-11FD87D94B70}.Debug|Any CPU.Build.0 = Debug|Any CPU
		{8C46901D-F6EA-479D-AF7B-11FD87D94B70}.Release|Any CPU.ActiveCfg = Release|Any CPU
		{8C46901D-F6EA-479D-AF7B-11FD87D94B70}.Release|Any CPU.Build.0 = Release|Any CPU
	EndGlobalSection
	GlobalSection(SolutionProperties) = preSolution
		HideSolutionNode = FALSE
	EndGlobalSection
	GlobalSection(ExtensibilityGlobals) = postSolution
		SolutionGuid = {3132F308-7D87-4371-A12E-0316784F038F}
	EndGlobalSection
EndGlobal
